{
    "_meta": {
        "hash": {
            "sha256": "d1272f69ce3ade875a4d28816b2c83232464a29d396fd6f0d1999a35bdb91607"
        },
        "pipfile-spec": 6,
        "requires": {
            "python_version": "3.7"
        },
        "sources": [
            {
                "name": "pypi",
                "url": "https://pypi.org/simple",
                "verify_ssl": true
            }
        ]
    },
    "default": {
        "certifi": {
            "hashes": [
                "sha256:59b7658e26ca9c7339e00f8f4636cdfe59d34fa37b9b04f6f9e9926b3cece1a5",
                "sha256:b26104d6835d1f5e49452a26eb2ff87fe7090b89dfcaee5ea2212697e1e1d7ae"
            ],
            "version": "==2019.3.9"
        },
        "chardet": {
            "hashes": [
                "sha256:84ab92ed1c4d4f16916e05906b6b75a6c0fb5db821cc65e70cbd64a3e2a5eaae",
                "sha256:fc323ffcaeaed0e0a02bf4d117757b98aed530d9ed4531e3e15460124c106691"
            ],
            "version": "==3.0.4"
        },
        "click": {
            "hashes": [
                "sha256:2335065e6395b9e67ca716de5f7526736bfa6ceead690adf616d925bdc622b13",
                "sha256:5b94b49521f6456670fdb30cd82a4eca9412788a93fa6dd6df72c94d5a8ff2d7"
            ],
            "version": "==7.0"
        },
        "flask": {
            "hashes": [
                "sha256:2271c0070dbcb5275fad4a82e29f23ab92682dc45f9dfbc22c02ba9b9322ce48",
                "sha256:a080b744b7e345ccfcbc77954861cb05b3c63786e93f2b3875e0913d44b43f05"
            ],
            "index": "pypi",
            "version": "==1.0.2"
        },
        "idna": {
            "hashes": [
                "sha256:c357b3f628cf53ae2c4c05627ecc484553142ca23264e593d327bcde5e9c3407",
                "sha256:ea8b7f6188e6fa117537c3df7da9fc686d485087abf6ac197f9c46432f7e4a3c"
            ],
            "version": "==2.8"
        },
        "itsdangerous": {
            "hashes": [
                "sha256:321b033d07f2a4136d3ec762eac9f16a10ccd60f53c0c91af90217ace7ba1f19",
                "sha256:b12271b2047cb23eeb98c8b5622e2e5c5e9abd9784a153e9d8ef9cb4dd09d749"
            ],
            "version": "==1.1.0"
        },
        "jinja2": {
            "hashes": [
                "sha256:74c935a1b8bb9a3947c50a54766a969d4846290e1e788ea44c1392163723c3bd",
                "sha256:f84be1bb0040caca4cea721fcbbbbd61f9be9464ca236387158b0feea01914a4"
            ],
            "version": "==2.10"
        },
        "markupsafe": {
            "hashes": [
                "sha256:00bc623926325b26bb9605ae9eae8a215691f33cae5df11ca5424f06f2d1f473",
                "sha256:09027a7803a62ca78792ad89403b1b7a73a01c8cb65909cd876f7fcebd79b161",
                "sha256:09c4b7f37d6c648cb13f9230d847adf22f8171b1ccc4d5682398e77f40309235",
                "sha256:1027c282dad077d0bae18be6794e6b6b8c91d58ed8a8d89a89d59693b9131db5",
                "sha256:24982cc2533820871eba85ba648cd53d8623687ff11cbb805be4ff7b4c971aff",
                "sha256:29872e92839765e546828bb7754a68c418d927cd064fd4708fab9fe9c8bb116b",
                "sha256:43a55c2930bbc139570ac2452adf3d70cdbb3cfe5912c71cdce1c2c6bbd9c5d1",
                "sha256:46c99d2de99945ec5cb54f23c8cd5689f6d7177305ebff350a58ce5f8de1669e",
                "sha256:500d4957e52ddc3351cabf489e79c91c17f6e0899158447047588650b5e69183",
                "sha256:535f6fc4d397c1563d08b88e485c3496cf5784e927af890fb3c3aac7f933ec66",
                "sha256:62fe6c95e3ec8a7fad637b7f3d372c15ec1caa01ab47926cfdf7a75b40e0eac1",
                "sha256:6dd73240d2af64df90aa7c4e7481e23825ea70af4b4922f8ede5b9e35f78a3b1",
                "sha256:717ba8fe3ae9cc0006d7c451f0bb265ee07739daf76355d06366154ee68d221e",
                "sha256:79855e1c5b8da654cf486b830bd42c06e8780cea587384cf6545b7d9ac013a0b",
                "sha256:7c1699dfe0cf8ff607dbdcc1e9b9af1755371f92a68f706051cc8c37d447c905",
                "sha256:88e5fcfb52ee7b911e8bb6d6aa2fd21fbecc674eadd44118a9cc3863f938e735",
                "sha256:8defac2f2ccd6805ebf65f5eeb132adcf2ab57aa11fdf4c0dd5169a004710e7d",
                "sha256:98c7086708b163d425c67c7a91bad6e466bb99d797aa64f965e9d25c12111a5e",
                "sha256:9add70b36c5666a2ed02b43b335fe19002ee5235efd4b8a89bfcf9005bebac0d",
                "sha256:9bf40443012702a1d2070043cb6291650a0841ece432556f784f004937f0f32c",
                "sha256:ade5e387d2ad0d7ebf59146cc00c8044acbd863725f887353a10df825fc8ae21",
                "sha256:b00c1de48212e4cc9603895652c5c410df699856a2853135b3967591e4beebc2",
                "sha256:b1282f8c00509d99fef04d8ba936b156d419be841854fe901d8ae224c59f0be5",
                "sha256:b2051432115498d3562c084a49bba65d97cf251f5a331c64a12ee7e04dacc51b",
                "sha256:ba59edeaa2fc6114428f1637ffff42da1e311e29382d81b339c1817d37ec93c6",
                "sha256:c8716a48d94b06bb3b2524c2b77e055fb313aeb4ea620c8dd03a105574ba704f",
                "sha256:cd5df75523866410809ca100dc9681e301e3c27567cf498077e8551b6d20e42f",
                "sha256:e249096428b3ae81b08327a63a485ad0878de3fb939049038579ac0ef61e17e7"
            ],
            "version": "==1.1.1"
        },
        "prettytable": {
            "hashes": [
                "sha256:2d5460dc9db74a32bcc8f9f67de68b2c4f4d2f01fa3bd518764c69156d9cacd9",
                "sha256:853c116513625c738dc3ce1aee148b5b5757a86727e67eff6502c7ca59d43c36",
                "sha256:a53da3b43d7a5c229b5e3ca2892ef982c46b7923b51e98f0db49956531211c4f"
            ],
            "version": "==0.7.2"
        },
        "pycryptodome": {
            "hashes": [
                "sha256:088ff55d55d39f694b60cbd317493d0000145c6bc99aa9e90a73cbd5a2bd42bc",
                "sha256:0b51742caff03fc78530bca3912a524cb13113cb68a9c2ba1e456f1f3005c059",
                "sha256:15a02ffebc3c69461ca98db53853cb074cc5ec8d79d5ec7585e8158757a5f629",
                "sha256:1a2e6ab1d76418fb316e8811b916cd39e72280314cedbcb66c0bee6ec5d448ae",
                "sha256:1be38efb39dbaff52e3e46c2d7af2bd3e4b2bb650a9feea9cba4f80cb3cd0c7a",
                "sha256:22c067adf74aa5015c594ea876271b577b98cd5edd972a69f7996bb54d1e5fb1",
                "sha256:23404c7de4dfc875fca64025e7fb73dfbbdf14ac17f6de85ea72beca15501f30",
                "sha256:239cc0385248735537d137ea1723df093c93a0c5b6163a452361fe6fb757ebda",
                "sha256:2c016c01c2f89a9833316d4b208b2b57c9c77ad1a3374156985ad1c0ea4429a7",
                "sha256:349bf0f023254ed853178b42fd83be3d75b0d7751b5f0f90670bc6fef6449ecb",
                "sha256:3db05498d6435d88154a68a2b8440afcb9ea52e5478aa45d2906993a86c10427",
                "sha256:52cb45959d14a12cfe38c31ec32ec13a693bf15069ec24c3292cc6279829b409",
                "sha256:5d55f34d7925573a6037b5f4211aebf5f832876113745063f335087ff083082d",
                "sha256:6574f87186bdc787047f0b0e4c9ee32dbfc958ee6d376cf18042874a618739ec",
                "sha256:67dedb3f0f84021f61955ca1f2229a1ee4ebfd0a7bfda2827094aec60e50391a",
                "sha256:7473ed4b44f6615ecadb9b0af6aa7b74bffcce5d9e7d41c863622c7423a402a7",
                "sha256:778aab70e4fff39cb220167e3977561feb73807c5a0cda85c01527674009764f",
                "sha256:853a65e8abdc8701de2b0d06d8c9f822a37208cf2ce537f9932280e504aa50de",
                "sha256:b1644f820e31d144fc017c031a1c3967e5c82caa47b1c36499d45b7f7bad09d6",
                "sha256:bab4191f870e07e1882de442c9878c6947b7c2181b37a7dc7394d3c7d0c2302c",
                "sha256:c10ce7d63b420b74be1181d69def5bfd0e5eb19de92ace4650097e5b895d7107",
                "sha256:c6e4bf9d42a108b6679939d7f81bc317a3faa2cbda450ccef99da15fe2160623",
                "sha256:cec840820c3295cc76bcdb2b13c26cb03532bd657a4331bae463672d6ad56c0d",
                "sha256:d2202465cec166c4449ba1f128b89a24f88e306d1c3171b7d91ab8d3826a4d6e",
                "sha256:e76067a1d72b7c9010c906e7086fa69320398c7638d563d9c929f83ac2e7d146",
                "sha256:eef04eb8083f5469ea0a7d11220790ce7ba407597bbac160ec645c95e3552afa",
                "sha256:fbd5f5dd55590c587a9198ba140ee3a662014f9f4903c0d8f0b1273e9ea3ae36",
                "sha256:fe0f3604bb525b9d715a58ca7137a423f0527f826da0d287aa9eb566956e0a0c"
            ],
            "version": "==3.8.0"
        },
        "pymusic-dl": {
            "hashes": [
                "sha256:4d249926e615d02acd178f9f5e6cff758781489a4a2ec0b314a297b1a39b5cb7",
                "sha256:57d5e00005010b22fff1aa1eddd228905f53c4a812dbf60c49d7fc0e4c24c514"
            ],
            "index": "pypi",
            "version": "==2.2.0"
        },
        "requests": {
            "hashes": [
                "sha256:502a824f31acdacb3a35b6690b5fbf0bc41d63a24a45c4004352b0242707598e",
                "sha256:7bf2a778576d825600030a110f3c0e3e8edc51dfaafe1c146e39a2027784957b"
            ],
            "version": "==2.21.0"
        },
        "urllib3": {
            "hashes": [
                "sha256:61bf29cada3fc2fbefad4fdf059ea4bd1b4a86d2b6d15e1c7c0b582b9752fe39",
                "sha256:de9529817c93f27c8ccbfead6985011db27bd0ddfcdb2d86f3f663385c6a9c22"
            ],
            "version": "==1.24.1"
        },
        "werkzeug": {
            "hashes": [
                "sha256:96da23fa8ccecbc3ae832a83df5c722c11547d021637faacb0bec4dd2f4666c8",
                "sha256:ca5c2dcd367d6c0df87185b9082929d255358f5391923269335782b213d52655"
            ],
            "version": "==0.15.1"
        }
    },
    "develop": {}
}
